{
    "_readme": [
        "This file locks the dependencies of your project to a known state",
        "Read more about it at https://getcomposer.org/doc/01-basic-usage.md#installing-dependencies",
        "This file is @generated automatically"
    ],
    "content-hash": "94795bed5a0cb29512c3c77f7fbbfad4",
    "packages": [],
    "packages-dev": [
        {
            "name": "linuxforphp/linuxforcomposer",
            "version": "2.0.9.3",
            "source": {
                "type": "git",
                "url": "https://github.com/linuxforphp/linuxforcomposer.git",
                "reference": "f88588be71c631d73e6d3f000275ec16c74ef82e"
            },
            "dist": {
                "type": "zip",
                "url": "https://api.github.com/repos/linuxforphp/linuxforcomposer/zipball/f88588be71c631d73e6d3f000275ec16c74ef82e",
                "reference": "f88588be71c631d73e6d3f000275ec16c74ef82e",
                "shasum": ""
            },
            "require": {
                "php": ">=7.2"
            },
            "bin": [
                "bin/linuxforcomposer.phar"
            ],
            "type": "library",
            "notification-url": "https://packagist.org/downloads/",
            "license": [
                "Apache-2.0"
            ],
            "authors": [
                {
                    "name": "Foreach Code Factory",
                    "email": "services@linuxforphp.com"
                }
            ],
            "description": "Composer package that helps to easily configure and run Docker and Linux for PHP containers for any PHP project.",
            "homepage": "https://linuxforphp.net",
            "keywords": [
                "Linux for Composer",
                "Linux for PHP",
                "composer",
                "docker",
                "php"
            ],
            "time": "2021-07-22T23:57:09+00:00"
        }
    ],
    "aliases": [],
    "minimum-stability": "stable",
    "stability-flags": [],
    "prefer-stable": false,
    "prefer-lowest": false,
    "platform": [],
    "platform-dev": [],
    "plugin-api-version": "1.1.0"
}
